
Microsoft Visual Studio Solution File, Format Version 12.00
# Visual Studio Version 16
VisualStudioVersion = 16.0.29806.167
MinimumVisualStudioVersion = 10.0.40219.1
Project("{FAE04EC0-301F-11D3-BF4B-00C04F79EFBC}") = "LinkerSample.UWP", "LinkerSample.UWP\LinkerSample.UWP.csproj", "{8C460682-F5EA-4D07-8AF6-166C69A6599A}"
EndProject
Project("{FAE04EC0-301F-11D3-BF4B-00C04F79EFBC}") = "LinkerSample.Android", "LinkerSample.Android\LinkerSample.Android.csproj", "{9D18FE27-001E-473F-8603-DE2566D57AFF}"
EndProject
Project("{FAE04EC0-301F-11D3-BF4B-00C04F79EFBC}") = "LinkerSample.iOS", "LinkerSample.iOS\LinkerSample.iOS.csproj", "{A29A5DD1-B74D-49EE-8ECF-79473D311E76}"
EndProject
Project("{FAE04EC0-301F-11D3-BF4B-00C04F79EFBC}") = "LinkerSample", "LinkerSample\LinkerSample.csproj", "{156BDC24-DA61-4893-AAA9-CEDF79F48E46}"
EndProject
Global
	GlobalSection(SolutionConfigurationPlatforms) = preSolution
		Debug|Any CPU = Debug|Any CPU
		Debug|ARM = Debug|ARM
		Debug|iPhone = Debug|iPhone
		Debug|iPhoneSimulator = Debug|iPhoneSimulator
		Debug|x64 = Debug|x64
		Debug|x86 = Debug|x86
		Release|Any CPU = Release|Any CPU
		Release|ARM = Release|ARM
		Release|iPhone = Release|iPhone
		Release|iPhoneSimulator = Release|iPhoneSimulator
		Release|x64 = Release|x64
		Release|x86 = Release|x86
	EndGlobalSection
	GlobalSection(ProjectConfigurationPlatforms) = postSolution
		{8C460682-F5EA-4D07-8AF6-166C69A6599A}.Debug|Any CPU.ActiveCfg = Debug|x86
		{8C460682-F5EA-4D07-8AF6-166C69A6599A}.Debug|Any CPU.Build.0 = Debug|x86
		{8C460682-F5EA-4D07-8AF6-166C69A6599A}.Debug|Any CPU.Deploy.0 = Debug|x86
		{8C460682-F5EA-4D07-8AF6-166C69A6599A}.Debug|ARM.ActiveCfg = Debug|ARM
		{8C460682-F5EA-4D07-8AF6-166C69A6599A}.Debug|ARM.Build.0 = Debug|ARM
		{8C460682-F5EA-4D07-8AF6-166C69A6599A}.Debug|ARM.Deploy.0 = Debug|ARM
		{8C460682-F5EA-4D07-8AF6-166C69A6599A}.Debug|iPhone.ActiveCfg = Debug|x86
		{8C460682-F5EA-4D07-8AF6-166C69A6599A}.Debug|iPhone.Build.0 = Debug|x86
		{8C460682-F5EA-4D07-8AF6-166C69A6599A}.Debug|iPhone.Deploy.0 = Debug|x86
		{8C460682-F5EA-4D07-8AF6-166C69A6599A}.Debug|iPhoneSimulator.ActiveCfg = Debug|x86
		{8C460682-F5EA-4D07-8AF6-166C69A6599A}.Debug|iPhoneSimulator.Build.0 = Debug|x86
		{8C460682-F5EA-4D07-8AF6-166C69A6599A}.Debug|iPhoneSimulator.Deploy.0 = Debug|x86
		{8C460682-F5EA-4D07-8AF6-166C69A6599A}.Debug|x64.ActiveCfg = Debug|x64
		{8C460682-F5EA-4D07-8AF6-166C69A6599A}.Debug|x64.Build.0 = Debug|x64
		{8C460682-F5EA-4D07-8AF6-166C69A6599A}.Debug|x64.Deploy.0 = Debug|x64
		{8C460682-F5EA-4D07-8AF6-166C69A6599A}.Debug|x86.ActiveCfg = Debug|x86
		{8C460682-F5EA-4D07-8AF6-166C69A6599A}.Debug|x86.Build.0 = Debug|x86
		{8C460682-F5EA-4D07-8AF6-166C69A6599A}.Debug|x86.Deploy.0 = Debug|x86
		{8C460682-F5EA-4D07-8AF6-166C69A6599A}.Release|Any CPU.ActiveCfg = Release|x86
		{8C460682-F5EA-4D07-8AF6-166C69A6599A}.Release|Any CPU.Build.0 = Release|x86
		{8C460682-F5EA-4D07-8AF6-166C69A6599A}.Release|Any CPU.Deploy.0 = Release|x86
		{8C460682-F5EA-4D07-8AF6-166C69A6599A}.Release|ARM.ActiveCfg = Release|ARM
		{8C460682-F5EA-4D07-8AF6-166C69A6599A}.Release|ARM.Build.0 = Release|ARM
		{8C460682-F5EA-4D07-8AF6-166C69A6599A}.Release|ARM.Deploy.0 = Release|ARM
		{8C460682-F5EA-4D07-8AF6-166C69A6599A}.Release|iPhone.ActiveCfg = Release|x86
		{8C460682-F5EA-4D07-8AF6-166C69A6599A}.Release|iPhone.Build.0 = Release|x86
		{8C460682-F5EA-4D07-8AF6-166C69A6599A}.Release|iPhone.Deploy.0 = Release|x86
		{8C460682-F5EA-4D07-8AF6-166C69A6599A}.Release|iPhoneSimulator.ActiveCfg = Release|x86
		{8C460682-F5EA-4D07-8AF6-166C69A6599A}.Release|iPhoneSimulator.Build.0 = Release|x86
		{8C460682-F5EA-4D07-8AF6-166C69A6599A}.Release|iPhoneSimulator.Deploy.0 = Release|x86
		{8C460682-F5EA-4D07-8AF6-166C69A6599A}.Release|x64.ActiveCfg = Release|x64
		{8C460682-F5EA-4D07-8AF6-166C69A6599A}.Release|x64.Build.0 = Release|x64
		{8C460682-F5EA-4D07-8AF6-166C69A6599A}.Release|x64.Deploy.0 = Release|x64
		{8C460682-F5EA-4D07-8AF6-166C69A6599A}.Release|x86.ActiveCfg = Release|x86
		{8C460682-F5EA-4D07-8AF6-166C69A6599A}.Release|x86.Build.0 = Release|x86
		{8C460682-F5EA-4D07-8AF6-166C69A6599A}.Release|x86.Deploy.0 = Release|x86
		{9D18FE27-001E-473F-8603-DE2566D57AFF}.Debug|Any CPU.ActiveCfg = Debug|Any CPU
		{9D18FE27-001E-473F-8603-DE2566D57AFF}.Debug|Any CPU.Build.0 = Debug|Any CPU
		{9D18FE27-001E-473F-8603-DE2566D57AFF}.Debug|Any CPU.Deploy.0 = Debug|Any CPU
		{9D18FE27-001E-473F-8603-DE2566D57AFF}.Debug|ARM.ActiveCfg = Debug|Any CPU
		{9D18FE27-001E-473F-8603-DE2566D57AFF}.Debug|ARM.Build.0 = Debug|Any CPU
		{9D18FE27-001E-473F-8603-DE2566D57AFF}.Debug|ARM.Deploy.0 = Debug|Any CPU
		{9D18FE27-001E-473F-8603-DE2566D57AFF}.Debug|iPhone.ActiveCfg = Debug|Any CPU
		{9D18FE27-001E-473F-8603-DE2566D57AFF}.Debug|iPhone.Build.0 = Debug|Any CPU
		{9D18FE27-001E-473F-8603-DE2566D57AFF}.Debug|iPhone.Deploy.0 = Debug|Any CPU
		{9D18FE27-001E-473F-8603-DE2566D57AFF}.Debug|iPhoneSimulator.ActiveCfg = Debug|Any CPU
		{9D18FE27-001E-473F-8603-DE2566D57AFF}.Debug|iPhoneSimulator.Build.0 = Debug|Any CPU
		{9D18FE27-001E-473F-8603-DE2566D57AFF}.Debug|iPhoneSimulator.Deploy.0 = Debug|Any CPU
		{9D18FE27-001E-473F-8603-DE2566D57AFF}.Debug|x64.ActiveCfg = Debug|Any CPU
		{9D18FE27-001E-473F-8603-DE2566D57AFF}.Debug|x64.Build.0 = Debug|Any CPU
		{9D18FE27-001E-473F-8603-DE2566D57AFF}.Debug|x64.Deploy.0 = Debug|Any CPU
		{9D18FE27-001E-473F-8603-DE2566D57AFF}.Debug|x86.ActiveCfg = Debug|Any CPU
		{9D18FE27-001E-473F-8603-DE2566D57AFF}.Debug|x86.Build.0 = Debug|Any CPU
		{9D18FE27-001E-473F-8603-DE2566D57AFF}.Debug|x86.Deploy.0 = Debug|Any CPU
		{9D18FE27-001E-473F-8603-DE2566D57AFF}.Release|Any CPU.ActiveCfg = Release|Any CPU
		{9D18FE27-001E-473F-8603-DE2566D57AFF}.Release|Any CPU.Build.0 = Release|Any CPU
		{9D18FE27-001E-473F-8603-DE2566D57AFF}.Release|Any CPU.Deploy.0 = Release|Any CPU
		{9D18FE27-001E-473F-8603-DE2566D57AFF}.Release|ARM.ActiveCfg = Release|Any CPU
		{9D18FE27-001E-473F-8603-DE2566D57AFF}.Release|ARM.Build.0 = Release|Any CPU
		{9D18FE27-001E-473F-8603-DE2566D57AFF}.Release|ARM.Deploy.0 = Release|Any CPU
		{9D18FE27-001E-473F-8603-DE2566D57AFF}.Release|iPhone.ActiveCfg = Release|Any CPU
		{9D18FE27-001E-473F-8603-DE2566D57AFF}.Release|iPhone.Build.0 = Release|Any CPU
		{9D18FE27-001E-473F-8603-DE2566D57AFF}.Release|iPhone.Deploy.0 = Release|Any CPU
		{9D18FE27-001E-473F-8603-DE2566D57AFF}.Release|iPhoneSimulator.ActiveCfg = Release|Any CPU
		{9D18FE27-001E-473F-8603-DE2566D57AFF}.Release|iPhoneSimulator.Build.0 = Release|Any CPU
		{9D18FE27-001E-473F-8603-DE2566D57AFF}.Release|iPhoneSimulator.Deploy.0 = Release|Any CPU
		{9D18FE27-001E-473F-8603-DE2566D57AFF}.Release|x64.ActiveCfg = Release|Any CPU
		{9D18FE27-001E-473F-8603-DE2566D57AFF}.Release|x64.Build.0 = Release|Any CPU
		{9D18FE27-001E-473F-8603-DE2566D57AFF}.Release|x64.Deploy.0 = Release|Any CPU
		{9D18FE27-001E-473F-8603-DE2566D57AFF}.Release|x86.ActiveCfg = Release|Any CPU
		{9D18FE27-001E-473F-8603-DE2566D57AFF}.Release|x86.Build.0 = Release|Any CPU
		{9D18FE27-001E-473F-8603-DE2566D57AFF}.Release|x86.Deploy.0 = Release|Any CPU
		{A29A5DD1-B74D-49EE-8ECF-79473D311E76}.Debug|Any CPU.ActiveCfg = Debug|iPhone
		{A29A5DD1-B74D-49EE-8ECF-79473D311E76}.Debug|Any CPU.Build.0 = Debug|iPhone
		{A29A5DD1-B74D-49EE-8ECF-79473D311E76}.Debug|Any CPU.Deploy.0 = Debug|iPhone
		{A29A5DD1-B74D-49EE-8ECF-79473D311E76}.Debug|ARM.ActiveCfg = Debug|iPhoneSimulator
		{A29A5DD1-B74D-49EE-8ECF-79473D311E76}.Debug|ARM.Build.0 = Debug|iPhoneSimulator
		{A29A5DD1-B74D-49EE-8ECF-79473D311E76}.Debug|ARM.Deploy.0 = Debug|iPhoneSimulator
		{A29A5DD1-B74D-49EE-8ECF-79473D311E76}.Debug|iPhone.ActiveCfg = Debug|iPhone
		{A29A5DD1-B74D-49EE-8ECF-79473D311E76}.Debug|iPhone.Build.0 = Debug|iPhone
		{A29A5DD1-B74D-49EE-8ECF-79473D311E76}.Debug|iPhone.Deploy.0 = Debug|iPhone
		{A29A5DD1-B74D-49EE-8ECF-79473D311E76}.Debug|iPhoneSimulator.ActiveCfg = Debug|iPhoneSimulator
		{A29A5DD1-B74D-49EE-8ECF-79473D311E76}.Debug|iPhoneSimulator.Build.0 = Debug|iPhoneSimulator
		{A29A5DD1-B74D-49EE-8ECF-79473D311E76}.Debug|iPhoneSimulator.Deploy.0 = Debug|iPhoneSimulator
		{A29A5DD1-B74D-49EE-8ECF-79473D311E76}.Debug|x64.ActiveCfg = Debug|iPhone
		{A29A5DD1-B74D-49EE-8ECF-79473D311E76}.Debug|x64.Build.0 = Debug|iPhone
		{A29A5DD1-B74D-49EE-8ECF-79473D311E76}.Debug|x64.Deploy.0 = Debug|iPhone
		{A29A5DD1-B74D-49EE-8ECF-79473D311E76}.Debug|x86.ActiveCfg = Debug|iPhone
		{A29A5DD1-B74D-49EE-8ECF-79473D311E76}.Debug|x86.Build.0 = Debug|iPhone
		{A29A5DD1-B74D-49EE-8ECF-79473D311E76}.Debug|x86.Deploy.0 = Debug|iPhone
		{A29A5DD1-B74D-49EE-8ECF-79473D311E76}.Release|Any CPU.ActiveCfg = Release|iPhone
		{A29A5DD1-B74D-49EE-8ECF-79473D311E76}.Release|Any CPU.Build.0 = Release|iPhone
		{A29A5DD1-B74D-49EE-8ECF-79473D311E76}.Release|Any CPU.Deploy.0 = Release|iPhone
		{A29A5DD1-B74D-49EE-8ECF-79473D311E76}.Release|ARM.ActiveCfg = Release|iPhone
		{A29A5DD1-B74D-49EE-8ECF-79473D311E76}.Release|ARM.Build.0 = Release|iPhone
		{A29A5DD1-B74D-49EE-8ECF-79473D311E76}.Release|ARM.Deploy.0 = Release|iPhone
		{A29A5DD1-B74D-49EE-8ECF-79473D311E76}.Release|iPhone.ActiveCfg = Release|iPhone
		{A29A5DD1-B74D-49EE-8ECF-79473D311E76}.Release|iPhone.Build.0 = Release|iPhone
		{A29A5DD1-B74D-49EE-8ECF-79473D311E76}.Release|iPhone.Deploy.0 = Release|iPhone
		{A29A5DD1-B74D-49EE-8ECF-79473D311E76}.Release|iPhoneSimulator.ActiveCfg = Release|iPhoneSimulator
		{A29A5DD1-B74D-49EE-8ECF-79473D311E76}.Release|iPhoneSimulator.Build.0 = Release|iPhoneSimulator
		{A29A5DD1-B74D-49EE-8ECF-79473D311E76}.Release|iPhoneSimulator.Deploy.0 = Release|iPhoneSimulator
		{A29A5DD1-B74D-49EE-8ECF-79473D311E76}.Release|x64.ActiveCfg = Release|iPhone
		{A29A5DD1-B74D-49EE-8ECF-79473D311E76}.Release|x64.Build.0 = Release|iPhone
		{A29A5DD1-B74D-49EE-8ECF-79473D311E76}.Release|x64.Deploy.0 = Release|iPhone
		{A29A5DD1-B74D-49EE-8ECF-79473D311E76}.Release|x86.ActiveCfg = Release|iPhone
		{A29A5DD1-B74D-49EE-8ECF-79473D311E76}.Release|x86.Build.0 = Release|iPhone
		{A29A5DD1-B74D-49EE-8ECF-79473D311E76}.Release|x86.Deploy.0 = Release|iPhone
		{156BDC24-DA61-4893-AAA9-CEDF79F48E46}.Debug|Any CPU.ActiveCfg = Debug|Any CPU
		{156BDC24-DA61-4893-AAA9-CEDF79F48E46}.Debug|Any CPU.Build.0 = Debug|Any CPU
		{156BDC24-DA61-4893-AAA9-CEDF79F48E46}.Debug|Any CPU.Deploy.0 = Debug|Any CPU
		{156BDC24-DA61-4893-AAA9-CEDF79F48E46}.Debug|ARM.ActiveCfg = Debug|Any CPU
		{156BDC24-DA61-4893-AAA9-CEDF79F48E46}.Debug|ARM.Build.0 = Debug|Any CPU
		{156BDC24-DA61-4893-AAA9-CEDF79F48E46}.Debug|ARM.Deploy.0 = Debug|Any CPU
		{156BDC24-DA61-4893-AAA9-CEDF79F48E46}.Debug|iPhone.ActiveCfg = Debug|Any CPU
		{156BDC24-DA61-4893-AAA9-CEDF79F48E46}.Debug|iPhone.Build.0 = Debug|Any CPU
		{156BDC24-DA61-4893-AAA9-CEDF79F48E46}.Debug|iPhone.Deploy.0 = Debug|Any CPU
		{156BDC24-DA61-4893-AAA9-CEDF79F48E46}.Debug|iPhoneSimulator.ActiveCfg = Debug|Any CPU
		{156BDC24-DA61-4893-AAA9-CEDF79F48E46}.Debug|iPhoneSimulator.Build.0 = Debug|Any CPU
		{156BDC24-DA61-4893-AAA9-CEDF79F48E46}.Debug|iPhoneSimulator.Deploy.0 = Debug|Any CPU
		{156BDC24-DA61-4893-AAA9-CEDF79F48E46}.Debug|x64.ActiveCfg = Debug|Any CPU
		{156BDC24-DA61-4893-AAA9-CEDF79F48E46}.Debug|x64.Build.0 = Debug|Any CPU
		{156BDC24-DA61-4893-AAA9-CEDF79F48E46}.Debug|x64.Deploy.0 = Debug|Any CPU
		{156BDC24-DA61-4893-AAA9-CEDF79F48E46}.Debug|x86.ActiveCfg = Debug|Any CPU
		{156BDC24-DA61-4893-AAA9-CEDF79F48E46}.Debug|x86.Build.0 = Debug|Any CPU
		{156BDC24-DA61-4893-AAA9-CEDF79F48E46}.Debug|x86.Deploy.0 = Debug|Any CPU
		{156BDC24-DA61-4893-AAA9-CEDF79F48E46}.Release|Any CPU.ActiveCfg = Release|Any CPU
		{156BDC24-DA61-4893-AAA9-CEDF79F48E46}.Release|Any CPU.Build.0 = Release|Any CPU
		{156BDC24-DA61-4893-AAA9-CEDF79F48E46}.Release|Any CPU.Deploy.0 = Release|Any CPU
		{156BDC24-DA61-4893-AAA9-CEDF79F48E46}.Release|ARM.ActiveCfg = Release|Any CPU
		{156BDC24-DA61-4893-AAA9-CEDF79F48E46}.Release|ARM.Build.0 = Release|Any CPU
		{156BDC24-DA61-4893-AAA9-CEDF79F48E46}.Release|ARM.Deploy.0 = Release|Any CPU
		{156BDC24-DA61-4893-AAA9-CEDF79F48E46}.Release|iPhone.ActiveCfg = Release|Any CPU
		{156BDC24-DA61-4893-AAA9-CEDF79F48E46}.Release|iPhone.Build.0 = Release|Any CPU
		{156BDC24-DA61-4893-AAA9-CEDF79F48E46}.Release|iPhone.Deploy.0 = Release|Any CPU
		{156BDC24-DA61-4893-AAA9-CEDF79F48E46}.Release|iPhoneSimulator.ActiveCfg = Release|Any CPU
		{156BDC24-DA61-4893-AAA9-CEDF79F48E46}.Release|iPhoneSimulator.Build.0 = Release|Any CPU
		{156BDC24-DA61-4893-AAA9-CEDF79F48E46}.Release|iPhoneSimulator.Deploy.0 = Release|Any CPU
		{156BDC24-DA61-4893-AAA9-CEDF79F48E46}.Release|x64.ActiveCfg = Release|Any CPU
		{156BDC24-DA61-4893-AAA9-CEDF79F48E46}.Release|x64.Build.0 = Release|Any CPU
		{156BDC24-DA61-4893-AAA9-CEDF79F48E46}.Release|x64.Deploy.0 = Release|Any CPU
		{156BDC24-DA61-4893-AAA9-CEDF79F48E46}.Release|x86.ActiveCfg = Release|Any CPU
		{156BDC24-DA61-4893-AAA9-CEDF79F48E46}.Release|x86.Build.0 = Release|Any CPU
		{156BDC24-DA61-4893-AAA9-CEDF79F48E46}.Release|x86.Deploy.0 = Release|Any CPU
	EndGlobalSection
	GlobalSection(SolutionProperties) = preSolution
		HideSolutionNode = FALSE
	EndGlobalSection
	GlobalSection(ExtensibilityGlobals) = postSolution
		SolutionGuid = {BC765E64-0EA8-4378-A3D4-624A5EE7F87D}
	EndGlobalSection
EndGlobal
